
Microsoft Visual Studio Solution File, Format Version 12.00
# Visual Studio Version 17
VisualStudioVersion = 17.10.34928.147
MinimumVisualStudioVersion = 10.0.40219.1
Project("{FAE04EC0-301F-11D3-BF4B-00C04F79EFBC}") = "StudentPortol.Web", "StudentPortol.Web\StudentPortol.Web.csproj", "{C4B212CB-056D-403E-92B6-C126E7F026F5}"
EndProject
Global
	GlobalSection(SolutionConfigurationPlatforms) = preSolution
		Debug|Any CPU = Debug|Any CPU
		Release|Any CPU = Release|Any CPU
	EndGlobalSection
	GlobalSection(ProjectConfigurationPlatforms) = postSolution
		{C4B212CB-056D-403E-92B6-C126E7F026F5}.Debug|Any CPU.ActiveCfg = Debug|Any CPU
		{C4B212CB-056D-403E-92B6-C126E7F026F5}.Debug|Any CPU.Build.0 = Debug|Any CPU
		{C4B212CB-056D-403E-92B6-C126E7F026F5}.Release|Any CPU.ActiveCfg = Release|Any CPU
		{C4B212CB-056D-403E-92B6-C126E7F026F5}.Release|Any CPU.Build.0 = Release|Any CPU
	EndGlobalSection
	GlobalSection(SolutionProperties) = preSolution
		HideSolutionNode = FALSE
	EndGlobalSection
	GlobalSection(ExtensibilityGlobals) = postSolution
		SolutionGuid = {E98501A3-4CC2-421E-B181-01566F29FC52}
	EndGlobalSection
EndGlobal
